// !$*UTF8*$!
{
	archiveVersion = 1;
	classes = {
	};
	objectVersion = 56;
	objects = {

/* Begin PBXBuildFile section */
		76FA1FE9A8C0149F4F451A75 /* Pods_Instagram.framework in Frameworks */ = {isa = PBXBuildFile; fileRef = 06A572534993F209D2788B9A /* Pods_Instagram.framework */; };
		D30D549B29FE627B00A091C7 /* UIView.swift in Sources */ = {isa = PBXBuildFile; fileRef = D30D549A29FE627B00A091C7 /* UIView.swift */; };
		D30D549D29FE63C800A091C7 /* NSObject.swift in Sources */ = {isa = PBXBuildFile; fileRef = D30D549C29FE63C800A091C7 /* NSObject.swift */; };
		D30D549F29FE67F900A091C7 /* NavigationController.swift in Sources */ = {isa = PBXBuildFile; fileRef = D30D549E29FE67F900A091C7 /* NavigationController.swift */; };
		D30FFAA129D34BC000B3497F /* AppDelegate.swift in Sources */ = {isa = PBXBuildFile; fileRef = D30FFAA029D34BC000B3497F /* AppDelegate.swift */; };
		D30FFAA329D34BC000B3497F /* SceneDelegate.swift in Sources */ = {isa = PBXBuildFile; fileRef = D30FFAA229D34BC000B3497F /* SceneDelegate.swift */; };
		D30FFAA829D34BC000B3497F /* Main.storyboard in Resources */ = {isa = PBXBuildFile; fileRef = D30FFAA629D34BC000B3497F /* Main.storyboard */; };
		D30FFAAB29D34BC000B3497F /* Instagram.xcdatamodeld in Sources */ = {isa = PBXBuildFile; fileRef = D30FFAA929D34BC000B3497F /* Instagram.xcdatamodeld */; };
		D30FFAAD29D34BC200B3497F /* Assets.xcassets in Resources */ = {isa = PBXBuildFile; fileRef = D30FFAAC29D34BC200B3497F /* Assets.xcassets */; };
		D30FFAB029D34BC200B3497F /* LaunchScreen.storyboard in Resources */ = {isa = PBXBuildFile; fileRef = D30FFAAE29D34BC200B3497F /* LaunchScreen.storyboard */; };
		D323B0872A00298000163328 /* InstagramSans-Medium.ttf in Resources */ = {isa = PBXBuildFile; fileRef = D35DD68B29FD67DD0034962C /* InstagramSans-Medium.ttf */; };
		D323B0882A002FB200163328 /* InstagramSans-Bold.ttf in Resources */ = {isa = PBXBuildFile; fileRef = D35DD68929FD67DC0034962C /* InstagramSans-Bold.ttf */; };
		D323B0892A002FC800163328 /* InstagramSans-Light.ttf in Resources */ = {isa = PBXBuildFile; fileRef = D35DD68829FD67DC0034962C /* InstagramSans-Light.ttf */; };
		D323B08A2A002FCB00163328 /* InstagramSans-Regular.ttf in Resources */ = {isa = PBXBuildFile; fileRef = D35DD68D29FD67DD0034962C /* InstagramSans-Regular.ttf */; };
		D323B08B2A002FCF00163328 /* InstagramSansCondensed-Bold.ttf in Resources */ = {isa = PBXBuildFile; fileRef = D35DD68A29FD67DC0034962C /* InstagramSansCondensed-Bold.ttf */; };
		D323B08C2A002FD200163328 /* InstagramSansCondensed-Regular.ttf in Resources */ = {isa = PBXBuildFile; fileRef = D35DD68529FD67DC0034962C /* InstagramSansCondensed-Regular.ttf */; };
		D323B08D2A002FD500163328 /* InstagramSansHeadline-Regular.ttf in Resources */ = {isa = PBXBuildFile; fileRef = D35DD68629FD67DC0034962C /* InstagramSansHeadline-Regular.ttf */; };
		D323B08E2A002FD800163328 /* InstagramSansScript-Bold.ttf in Resources */ = {isa = PBXBuildFile; fileRef = D35DD68729FD67DC0034962C /* InstagramSansScript-Bold.ttf */; };
		D323B08F2A002FDB00163328 /* InstagramSansScript-Regular.ttf in Resources */ = {isa = PBXBuildFile; fileRef = D35DD68C29FD67DD0034962C /* InstagramSansScript-Regular.ttf */; };
		D35DD68F29FD79B40034962C /* LoginViewController.swift in Sources */ = {isa = PBXBuildFile; fileRef = D35DD68E29FD79B40034962C /* LoginViewController.swift */; };
		D35DD69129FD7A400034962C /* RegistrationViewController.swift in Sources */ = {isa = PBXBuildFile; fileRef = D35DD69029FD7A400034962C /* RegistrationViewController.swift */; };
		D35DD69329FD7B030034962C /* ForgotPasswordViewController.swift in Sources */ = {isa = PBXBuildFile; fileRef = D35DD69229FD7B030034962C /* ForgotPasswordViewController.swift */; };
		D35DD69529FD7B890034962C /* Constant.swift in Sources */ = {isa = PBXBuildFile; fileRef = D35DD69429FD7B890034962C /* Constant.swift */; };
		D35DD69829FD7C080034962C /* CoreTabs.storyboard in Resources */ = {isa = PBXBuildFile; fileRef = D35DD69729FD7C080034962C /* CoreTabs.storyboard */; };
		D35DD69F29FD7D720034962C /* HomeViewController.swift in Sources */ = {isa = PBXBuildFile; fileRef = D35DD69E29FD7D720034962C /* HomeViewController.swift */; };
		D35DD6A129FD7D810034962C /* SearchViewController.swift in Sources */ = {isa = PBXBuildFile; fileRef = D35DD6A029FD7D810034962C /* SearchViewController.swift */; };
		D35DD6A329FD7D9A0034962C /* PostViewController.swift in Sources */ = {isa = PBXBuildFile; fileRef = D35DD6A229FD7D9A0034962C /* PostViewController.swift */; };
		D35DD6A529FD7DA60034962C /* ReelViewController.swift in Sources */ = {isa = PBXBuildFile; fileRef = D35DD6A429FD7DA60034962C /* ReelViewController.swift */; };
		D35DD6A729FD7DB10034962C /* ProfileViewController.swift in Sources */ = {isa = PBXBuildFile; fileRef = D35DD6A629FD7DB10034962C /* ProfileViewController.swift */; };
		D3DFFEF029D5F66F007A7A53 /* SplashViewController.swift in Sources */ = {isa = PBXBuildFile; fileRef = D3DFFEEF29D5F66F007A7A53 /* SplashViewController.swift */; };
/* End PBXBuildFile section */

/* Begin PBXFileReference section */
		06A572534993F209D2788B9A /* Pods_Instagram.framework */ = {isa = PBXFileReference; explicitFileType = wrapper.framework; includeInIndex = 0; path = Pods_Instagram.framework; sourceTree = BUILT_PRODUCTS_DIR; };
		54A25DA5316061DC8642B3FF /* Pods-Instagram.release.xcconfig */ = {isa = PBXFileReference; includeInIndex = 1; lastKnownFileType = text.xcconfig; name = "Pods-Instagram.release.xcconfig"; path = "Target Support Files/Pods-Instagram/Pods-Instagram.release.xcconfig"; sourceTree = "<group>"; };
		D30D549A29FE627B00A091C7 /* UIView.swift */ = {isa = PBXFileReference; lastKnownFileType = sourcecode.swift; path = UIView.swift; sourceTree = "<group>"; };
		D30D549C29FE63C800A091C7 /* NSObject.swift */ = {isa = PBXFileReference; lastKnownFileType = sourcecode.swift; path = NSObject.swift; sourceTree = "<group>"; };
		D30D549E29FE67F900A091C7 /* NavigationController.swift */ = {isa = PBXFileReference; lastKnownFileType = sourcecode.swift; path = NavigationController.swift; sourceTree = "<group>"; };
		D30FFA9D29D34BC000B3497F /* Instagram.app */ = {isa = PBXFileReference; explicitFileType = wrapper.application; includeInIndex = 0; path = Instagram.app; sourceTree = BUILT_PRODUCTS_DIR; };
		D30FFAA029D34BC000B3497F /* AppDelegate.swift */ = {isa = PBXFileReference; lastKnownFileType = sourcecode.swift; path = AppDelegate.swift; sourceTree = "<group>"; };
		D30FFAA229D34BC000B3497F /* SceneDelegate.swift */ = {isa = PBXFileReference; lastKnownFileType = sourcecode.swift; path = SceneDelegate.swift; sourceTree = "<group>"; };
		D30FFAA729D34BC000B3497F /* Base */ = {isa = PBXFileReference; lastKnownFileType = file.storyboard; name = Base; path = Base.lproj/Main.storyboard; sourceTree = "<group>"; };
		D30FFAAA29D34BC000B3497F /* Instagram.xcdatamodel */ = {isa = PBXFileReference; lastKnownFileType = wrapper.xcdatamodel; path = Instagram.xcdatamodel; sourceTree = "<group>"; };
		D30FFAAC29D34BC200B3497F /* Assets.xcassets */ = {isa = PBXFileReference; lastKnownFileType = folder.assetcatalog; path = Assets.xcassets; sourceTree = "<group>"; };
		D30FFAAF29D34BC200B3497F /* Base */ = {isa = PBXFileReference; lastKnownFileType = file.storyboard; name = Base; path = Base.lproj/LaunchScreen.storyboard; sourceTree = "<group>"; };
		D35DD68529FD67DC0034962C /* InstagramSansCondensed-Regular.ttf */ = {isa = PBXFileReference; lastKnownFileType = file; path = "InstagramSansCondensed-Regular.ttf"; sourceTree = "<group>"; };
		D35DD68629FD67DC0034962C /* InstagramSansHeadline-Regular.ttf */ = {isa = PBXFileReference; lastKnownFileType = file; path = "InstagramSansHeadline-Regular.ttf"; sourceTree = "<group>"; };
		D35DD68729FD67DC0034962C /* InstagramSansScript-Bold.ttf */ = {isa = PBXFileReference; lastKnownFileType = file; path = "InstagramSansScript-Bold.ttf"; sourceTree = "<group>"; };
		D35DD68829FD67DC0034962C /* InstagramSans-Light.ttf */ = {isa = PBXFileReference; lastKnownFileType = file; path = "InstagramSans-Light.ttf"; sourceTree = "<group>"; };
		D35DD68929FD67DC0034962C /* InstagramSans-Bold.ttf */ = {isa = PBXFileReference; lastKnownFileType = file; path = "InstagramSans-Bold.ttf"; sourceTree = "<group>"; };
		D35DD68A29FD67DC0034962C /* InstagramSansCondensed-Bold.ttf */ = {isa = PBXFileReference; lastKnownFileType = file; path = "InstagramSansCondensed-Bold.ttf"; sourceTree = "<group>"; };
		D35DD68B29FD67DD0034962C /* InstagramSans-Medium.ttf */ = {isa = PBXFileReference; lastKnownFileType = file; path = "InstagramSans-Medium.ttf"; sourceTree = "<group>"; };
		D35DD68C29FD67DD0034962C /* InstagramSansScript-Regular.ttf */ = {isa = PBXFileReference; lastKnownFileType = file; path = "InstagramSansScript-Regular.ttf"; sourceTree = "<group>"; };
		D35DD68D29FD67DD0034962C /* InstagramSans-Regular.ttf */ = {isa = PBXFileReference; lastKnownFileType = file; path = "InstagramSans-Regular.ttf"; sourceTree = "<group>"; };
		D35DD68E29FD79B40034962C /* LoginViewController.swift */ = {isa = PBXFileReference; lastKnownFileType = sourcecode.swift; path = LoginViewController.swift; sourceTree = "<group>"; };
		D35DD69029FD7A400034962C /* RegistrationViewController.swift */ = {isa = PBXFileReference; lastKnownFileType = sourcecode.swift; path = RegistrationViewController.swift; sourceTree = "<group>"; };
		D35DD69229FD7B030034962C /* ForgotPasswordViewController.swift */ = {isa = PBXFileReference; lastKnownFileType = sourcecode.swift; path = ForgotPasswordViewController.swift; sourceTree = "<group>"; };
		D35DD69429FD7B890034962C /* Constant.swift */ = {isa = PBXFileReference; lastKnownFileType = sourcecode.swift; path = Constant.swift; sourceTree = "<group>"; };
		D35DD69729FD7C080034962C /* CoreTabs.storyboard */ = {isa = PBXFileReference; lastKnownFileType = file.storyboard; path = CoreTabs.storyboard; sourceTree = "<group>"; };
		D35DD69E29FD7D720034962C /* HomeViewController.swift */ = {isa = PBXFileReference; lastKnownFileType = sourcecode.swift; path = HomeViewController.swift; sourceTree = "<group>"; };
		D35DD6A029FD7D810034962C /* SearchViewController.swift */ = {isa = PBXFileReference; lastKnownFileType = sourcecode.swift; path = SearchViewController.swift; sourceTree = "<group>"; };
		D35DD6A229FD7D9A0034962C /* PostViewController.swift */ = {isa = PBXFileReference; lastKnownFileType = sourcecode.swift; path = PostViewController.swift; sourceTree = "<group>"; };
		D35DD6A429FD7DA60034962C /* ReelViewController.swift */ = {isa = PBXFileReference; lastKnownFileType = sourcecode.swift; path = ReelViewController.swift; sourceTree = "<group>"; };
		D35DD6A629FD7DB10034962C /* ProfileViewController.swift */ = {isa = PBXFileReference; lastKnownFileType = sourcecode.swift; path = ProfileViewController.swift; sourceTree = "<group>"; };
		D369AA3A29D6CBE900EDA3A0 /* Info.plist */ = {isa = PBXFileReference; fileEncoding = 4; lastKnownFileType = text.plist.xml; path = Info.plist; sourceTree = "<group>"; };
		D3DFFEEF29D5F66F007A7A53 /* SplashViewController.swift */ = {isa = PBXFileReference; lastKnownFileType = sourcecode.swift; path = SplashViewController.swift; sourceTree = "<group>"; };
		F6FB9A311E63BB7800C85C2D /* Pods-Instagram.debug.xcconfig */ = {isa = PBXFileReference; includeInIndex = 1; lastKnownFileType = text.xcconfig; name = "Pods-Instagram.debug.xcconfig"; path = "Target Support Files/Pods-Instagram/Pods-Instagram.debug.xcconfig"; sourceTree = "<group>"; };
/* End PBXFileReference section */

/* Begin PBXFrameworksBuildPhase section */
		D30FFA9A29D34BC000B3497F /* Frameworks */ = {
			isa = PBXFrameworksBuildPhase;
			buildActionMask = 2147483647;
			files = (
				76FA1FE9A8C0149F4F451A75 /* Pods_Instagram.framework in Frameworks */,
			);
			runOnlyForDeploymentPostprocessing = 0;
		};
/* End PBXFrameworksBuildPhase section */

/* Begin PBXGroup section */
		3D5CCC3B725ABBAD05387412 /* Pods */ = {
			isa = PBXGroup;
			children = (
				F6FB9A311E63BB7800C85C2D /* Pods-Instagram.debug.xcconfig */,
				54A25DA5316061DC8642B3FF /* Pods-Instagram.release.xcconfig */,
			);
			path = Pods;
			sourceTree = "<group>";
		};
		5875A04FA8FB790A951CD5A4 /* Frameworks */ = {
			isa = PBXGroup;
			children = (
				06A572534993F209D2788B9A /* Pods_Instagram.framework */,
			);
			name = Frameworks;
			sourceTree = "<group>";
		};
		D30D549929FE626600A091C7 /* Extension */ = {
			isa = PBXGroup;
			children = (
				D30D549A29FE627B00A091C7 /* UIView.swift */,
				D30D549C29FE63C800A091C7 /* NSObject.swift */,
			);
			path = Extension;
			sourceTree = "<group>";
		};
		D30FFA9429D34BC000B3497F = {
			isa = PBXGroup;
			children = (
				D30FFA9F29D34BC000B3497F /* Instagram */,
				D30FFA9E29D34BC000B3497F /* Products */,
				3D5CCC3B725ABBAD05387412 /* Pods */,
				5875A04FA8FB790A951CD5A4 /* Frameworks */,
			);
			sourceTree = "<group>";
		};
		D30FFA9E29D34BC000B3497F /* Products */ = {
			isa = PBXGroup;
			children = (
				D30FFA9D29D34BC000B3497F /* Instagram.app */,
			);
			name = Products;
			sourceTree = "<group>";
		};
		D30FFA9F29D34BC000B3497F /* Instagram */ = {
			isa = PBXGroup;
			children = (
				D369AA3A29D6CBE900EDA3A0 /* Info.plist */,
				D30FFAA929D34BC000B3497F /* Instagram.xcdatamodeld */,
				D30FFAB729D34C0300B3497F /* Resources */,
				D30FFAB829D34D8500B3497F /* SourceCode */,
			);
			path = Instagram;
			sourceTree = "<group>";
		};
		D30FFAB729D34C0300B3497F /* Resources */ = {
			isa = PBXGroup;
			children = (
				D3DFFEF129D5FC7B007A7A53 /* Fonts */,
				D30FFAAC29D34BC200B3497F /* Assets.xcassets */,
				D30FFAAE29D34BC200B3497F /* LaunchScreen.storyboard */,
			);
			path = Resources;
			sourceTree = "<group>";
		};
		D30FFAB829D34D8500B3497F /* SourceCode */ = {
			isa = PBXGroup;
			children = (
				D30FFAB929D34EF300B3497F /* ApplicationLayer */,
				D30FFABA29D34F0400B3497F /* PresentationLayer */,
				D30FFABB29D34F5300B3497F /* NetworkLayer */,
				D30FFABC29D34F5E00B3497F /* Helper */,
				D30FFABD29D34F6600B3497F /* Utility */,
			);
			path = SourceCode;
			sourceTree = "<group>";
		};
		D30FFAB929D34EF300B3497F /* ApplicationLayer */ = {
			isa = PBXGroup;
			children = (
				D30FFAA029D34BC000B3497F /* AppDelegate.swift */,
				D30FFAA229D34BC000B3497F /* SceneDelegate.swift */,
			);
			path = ApplicationLayer;
			sourceTree = "<group>";
		};
		D30FFABA29D34F0400B3497F /* PresentationLayer */ = {
			isa = PBXGroup;
			children = (
				D3DFFEEE29D5F5E0007A7A53 /* Authentication */,
				D35DD69629FD7B980034962C /* CoreTabs */,
			);
			path = PresentationLayer;
			sourceTree = "<group>";
		};
		D30FFABB29D34F5300B3497F /* NetworkLayer */ = {
			isa = PBXGroup;
			children = (
			);
			path = NetworkLayer;
			sourceTree = "<group>";
		};
		D30FFABC29D34F5E00B3497F /* Helper */ = {
			isa = PBXGroup;
			children = (
				D35DD69429FD7B890034962C /* Constant.swift */,
			);
			path = Helper;
			sourceTree = "<group>";
		};
		D30FFABD29D34F6600B3497F /* Utility */ = {
			isa = PBXGroup;
			children = (
				D30D549929FE626600A091C7 /* Extension */,
				D30D549E29FE67F900A091C7 /* NavigationController.swift */,
			);
			path = Utility;
			sourceTree = "<group>";
		};
		D35DD69629FD7B980034962C /* CoreTabs */ = {
			isa = PBXGroup;
			children = (
				D35DD69729FD7C080034962C /* CoreTabs.storyboard */,
				D35DD69929FD7D250034962C /* Home */,
				D35DD69A29FD7D300034962C /* Search */,
				D35DD69B29FD7D380034962C /* Post */,
				D35DD69C29FD7D480034962C /* Reel */,
				D35DD69D29FD7D4F0034962C /* Profile */,
			);
			path = CoreTabs;
			sourceTree = "<group>";
		};
		D35DD69929FD7D250034962C /* Home */ = {
			isa = PBXGroup;
			children = (
				D35DD69E29FD7D720034962C /* HomeViewController.swift */,
			);
			path = Home;
			sourceTree = "<group>";
		};
		D35DD69A29FD7D300034962C /* Search */ = {
			isa = PBXGroup;
			children = (
				D35DD6A029FD7D810034962C /* SearchViewController.swift */,
			);
			path = Search;
			sourceTree = "<group>";
		};
		D35DD69B29FD7D380034962C /* Post */ = {
			isa = PBXGroup;
			children = (
				D35DD6A229FD7D9A0034962C /* PostViewController.swift */,
			);
			path = Post;
			sourceTree = "<group>";
		};
		D35DD69C29FD7D480034962C /* Reel */ = {
			isa = PBXGroup;
			children = (
				D35DD6A429FD7DA60034962C /* ReelViewController.swift */,
			);
			path = Reel;
			sourceTree = "<group>";
		};
		D35DD69D29FD7D4F0034962C /* Profile */ = {
			isa = PBXGroup;
			children = (
				D35DD6A629FD7DB10034962C /* ProfileViewController.swift */,
			);
			path = Profile;
			sourceTree = "<group>";
		};
		D3DFFEEE29D5F5E0007A7A53 /* Authentication */ = {
			isa = PBXGroup;
			children = (
				D30FFAA629D34BC000B3497F /* Main.storyboard */,
				D3DFFEEF29D5F66F007A7A53 /* SplashViewController.swift */,
				D35DD68E29FD79B40034962C /* LoginViewController.swift */,
				D35DD69029FD7A400034962C /* RegistrationViewController.swift */,
				D35DD69229FD7B030034962C /* ForgotPasswordViewController.swift */,
			);
			path = Authentication;
			sourceTree = "<group>";
		};
		D3DFFEF129D5FC7B007A7A53 /* Fonts */ = {
			isa = PBXGroup;
			children = (
				D35DD68929FD67DC0034962C /* InstagramSans-Bold.ttf */,
				D35DD68829FD67DC0034962C /* InstagramSans-Light.ttf */,
				D35DD68B29FD67DD0034962C /* InstagramSans-Medium.ttf */,
				D35DD68D29FD67DD0034962C /* InstagramSans-Regular.ttf */,
				D35DD68A29FD67DC0034962C /* InstagramSansCondensed-Bold.ttf */,
				D35DD68529FD67DC0034962C /* InstagramSansCondensed-Regular.ttf */,
				D35DD68629FD67DC0034962C /* InstagramSansHeadline-Regular.ttf */,
				D35DD68729FD67DC0034962C /* InstagramSansScript-Bold.ttf */,
				D35DD68C29FD67DD0034962C /* InstagramSansScript-Regular.ttf */,
			);
			path = Fonts;
			sourceTree = "<group>";
		};
/* End PBXGroup section */

/* Begin PBXNativeTarget section */
		D30FFA9C29D34BC000B3497F /* Instagram */ = {
			isa = PBXNativeTarget;
			buildConfigurationList = D30FFAB429D34BC200B3497F /* Build configuration list for PBXNativeTarget "Instagram" */;
			buildPhases = (
				4263A752FEB16BB8F9CFC39C /* [CP] Check Pods Manifest.lock */,
				D30FFA9929D34BC000B3497F /* Sources */,
				D30FFA9A29D34BC000B3497F /* Frameworks */,
				D30FFA9B29D34BC000B3497F /* Resources */,
				9EE33048C4CD9F6E8CF7D807 /* [CP] Embed Pods Frameworks */,
			);
			buildRules = (
			);
			dependencies = (
			);
			name = Instagram;
			productName = Instagram;
			productReference = D30FFA9D29D34BC000B3497F /* Instagram.app */;
			productType = "com.apple.product-type.application";
		};
/* End PBXNativeTarget section */

/* Begin PBXProject section */
		D30FFA9529D34BC000B3497F /* Project object */ = {
			isa = PBXProject;
			attributes = {
				BuildIndependentTargetsInParallel = 1;
				LastSwiftUpdateCheck = 1410;
				LastUpgradeCheck = 1410;
				TargetAttributes = {
					D30FFA9C29D34BC000B3497F = {
						CreatedOnToolsVersion = 14.1;
					};
				};
			};
			buildConfigurationList = D30FFA9829D34BC000B3497F /* Build configuration list for PBXProject "Instagram" */;
			compatibilityVersion = "Xcode 14.0";
			developmentRegion = en;
			hasScannedForEncodings = 0;
			knownRegions = (
				en,
				Base,
			);
			mainGroup = D30FFA9429D34BC000B3497F;
			productRefGroup = D30FFA9E29D34BC000B3497F /* Products */;
			projectDirPath = "";
			projectRoot = "";
			targets = (
				D30FFA9C29D34BC000B3497F /* Instagram */,
			);
		};
/* End PBXProject section */

/* Begin PBXResourcesBuildPhase section */
		D30FFA9B29D34BC000B3497F /* Resources */ = {
			isa = PBXResourcesBuildPhase;
			buildActionMask = 2147483647;
			files = (
				D323B0892A002FC800163328 /* InstagramSans-Light.ttf in Resources */,
				D323B08D2A002FD500163328 /* InstagramSansHeadline-Regular.ttf in Resources */,
				D323B08E2A002FD800163328 /* InstagramSansScript-Bold.ttf in Resources */,
				D30FFAB029D34BC200B3497F /* LaunchScreen.storyboard in Resources */,
				D323B0882A002FB200163328 /* InstagramSans-Bold.ttf in Resources */,
				D35DD69829FD7C080034962C /* CoreTabs.storyboard in Resources */,
				D323B0872A00298000163328 /* InstagramSans-Medium.ttf in Resources */,
				D323B08F2A002FDB00163328 /* InstagramSansScript-Regular.ttf in Resources */,
				D30FFAAD29D34BC200B3497F /* Assets.xcassets in Resources */,
				D30FFAA829D34BC000B3497F /* Main.storyboard in Resources */,
				D323B08C2A002FD200163328 /* InstagramSansCondensed-Regular.ttf in Resources */,
				D323B08B2A002FCF00163328 /* InstagramSansCondensed-Bold.ttf in Resources */,
				D323B08A2A002FCB00163328 /* InstagramSans-Regular.ttf in Resources */,
			);
			runOnlyForDeploymentPostprocessing = 0;
		};
/* End PBXResourcesBuildPhase section */

/* Begin PBXShellScriptBuildPhase section */
		4263A752FEB16BB8F9CFC39C /* [CP] Check Pods Manifest.lock */ = {
			isa = PBXShellScriptBuildPhase;
			buildActionMask = 2147483647;
			files = (
			);
			inputFileListPaths = (
			);
			inputPaths = (
				"${PODS_PODFILE_DIR_PATH}/Podfile.lock",
				"${PODS_ROOT}/Manifest.lock",
			);
			name = "[CP] Check Pods Manifest.lock";
			outputFileListPaths = (
			);
			outputPaths = (
				"$(DERIVED_FILE_DIR)/Pods-Instagram-checkManifestLockResult.txt",
			);
			runOnlyForDeploymentPostprocessing = 0;
			shellPath = /bin/sh;
			shellScript = "diff \"${PODS_PODFILE_DIR_PATH}/Podfile.lock\" \"${PODS_ROOT}/Manifest.lock\" > /dev/null\nif [ $? != 0 ] ; then\n    # print error to STDERR\n    echo \"error: The sandbox is not in sync with the Podfile.lock. Run 'pod install' or update your CocoaPods installation.\" >&2\n    exit 1\nfi\n# This output is used by Xcode 'outputs' to avoid re-running this script phase.\necho \"SUCCESS\" > \"${SCRIPT_OUTPUT_FILE_0}\"\n";
			showEnvVarsInLog = 0;
		};
		9EE33048C4CD9F6E8CF7D807 /* [CP] Embed Pods Frameworks */ = {
			isa = PBXShellScriptBuildPhase;
			buildActionMask = 2147483647;
			files = (
			);
			inputFileListPaths = (
				"${PODS_ROOT}/Target Support Files/Pods-Instagram/Pods-Instagram-frameworks-${CONFIGURATION}-input-files.xcfilelist",
			);
			name = "[CP] Embed Pods Frameworks";
			outputFileListPaths = (
				"${PODS_ROOT}/Target Support Files/Pods-Instagram/Pods-Instagram-frameworks-${CONFIGURATION}-output-files.xcfilelist",
			);
			runOnlyForDeploymentPostprocessing = 0;
			shellPath = /bin/sh;
			shellScript = "\"${PODS_ROOT}/Target Support Files/Pods-Instagram/Pods-Instagram-frameworks.sh\"\n";
			showEnvVarsInLog = 0;
		};
/* End PBXShellScriptBuildPhase section */

/* Begin PBXSourcesBuildPhase section */
		D30FFA9929D34BC000B3497F /* Sources */ = {
			isa = PBXSourcesBuildPhase;
			buildActionMask = 2147483647;
			files = (
				D35DD6A129FD7D810034962C /* SearchViewController.swift in Sources */,
				D35DD69129FD7A400034962C /* RegistrationViewController.swift in Sources */,
				D35DD69329FD7B030034962C /* ForgotPasswordViewController.swift in Sources */,
				D30FFAAB29D34BC000B3497F /* Instagram.xcdatamodeld in Sources */,
				D35DD69529FD7B890034962C /* Constant.swift in Sources */,
				D30FFAA129D34BC000B3497F /* AppDelegate.swift in Sources */,
				D35DD69F29FD7D720034962C /* HomeViewController.swift in Sources */,
				D30FFAA329D34BC000B3497F /* SceneDelegate.swift in Sources */,
				D35DD68F29FD79B40034962C /* LoginViewController.swift in Sources */,
				D30D549F29FE67F900A091C7 /* NavigationController.swift in Sources */,
				D3DFFEF029D5F66F007A7A53 /* SplashViewController.swift in Sources */,
				D30D549B29FE627B00A091C7 /* UIView.swift in Sources */,
				D35DD6A729FD7DB10034962C /* ProfileViewController.swift in Sources */,
				D30D549D29FE63C800A091C7 /* NSObject.swift in Sources */,
				D35DD6A529FD7DA60034962C /* ReelViewController.swift in Sources */,
				D35DD6A329FD7D9A0034962C /* PostViewController.swift in Sources */,
			);
			runOnlyForDeploymentPostprocessing = 0;
		};
/* End PBXSourcesBuildPhase section */

/* Begin PBXVariantGroup section */
		D30FFAA629D34BC000B3497F /* Main.storyboard */ = {
			isa = PBXVariantGroup;
			children = (
				D30FFAA729D34BC000B3497F /* Base */,
			);
			name = Main.storyboard;
			sourceTree = "<group>";
		};
		D30FFAAE29D34BC200B3497F /* LaunchScreen.storyboard */ = {
			isa = PBXVariantGroup;
			children = (
				D30FFAAF29D34BC200B3497F /* Base */,
			);
			name = LaunchScreen.storyboard;
			sourceTree = "<group>";
		};
/* End PBXVariantGroup section */

/* Begin XCBuildConfiguration section */
		D30FFAB229D34BC200B3497F /* Debug */ = {
			isa = XCBuildConfiguration;
			buildSettings = {
				ALWAYS_SEARCH_USER_PATHS = NO;
				CLANG_ANALYZER_NONNULL = YES;
				CLANG_ANALYZER_NUMBER_OBJECT_CONVERSION = YES_AGGRESSIVE;
				CLANG_CXX_LANGUAGE_STANDARD = "gnu++20";
				CLANG_ENABLE_MODULES = YES;
				CLANG_ENABLE_OBJC_ARC = YES;
				CLANG_ENABLE_OBJC_WEAK = YES;
				CLANG_WARN_BLOCK_CAPTURE_AUTORELEASING = YES;
				CLANG_WARN_BOOL_CONVERSION = YES;
				CLANG_WARN_COMMA = YES;
				CLANG_WARN_CONSTANT_CONVERSION = YES;
				CLANG_WARN_DEPRECATED_OBJC_IMPLEMENTATIONS = YES;
				CLANG_WARN_DIRECT_OBJC_ISA_USAGE = YES_ERROR;
				CLANG_WARN_DOCUMENTATION_COMMENTS = YES;
				CLANG_WARN_EMPTY_BODY = YES;
				CLANG_WARN_ENUM_CONVERSION = YES;
				CLANG_WARN_INFINITE_RECURSION = YES;
				CLANG_WARN_INT_CONVERSION = YES;
				CLANG_WARN_NON_LITERAL_NULL_CONVERSION = YES;
				CLANG_WARN_OBJC_IMPLICIT_RETAIN_SELF = YES;
				CLANG_WARN_OBJC_LITERAL_CONVERSION = YES;
				CLANG_WARN_OBJC_ROOT_CLASS = YES_ERROR;
				CLANG_WARN_QUOTED_INCLUDE_IN_FRAMEWORK_HEADER = YES;
				CLANG_WARN_RANGE_LOOP_ANALYSIS = YES;
				CLANG_WARN_STRICT_PROTOTYPES = YES;
				CLANG_WARN_SUSPICIOUS_MOVE = YES;
				CLANG_WARN_UNGUARDED_AVAILABILITY = YES_AGGRESSIVE;
				CLANG_WARN_UNREACHABLE_CODE = YES;
				CLANG_WARN__DUPLICATE_METHOD_MATCH = YES;
				COPY_PHASE_STRIP = NO;
				DEBUG_INFORMATION_FORMAT = dwarf;
				ENABLE_STRICT_OBJC_MSGSEND = YES;
				ENABLE_TESTABILITY = YES;
				GCC_C_LANGUAGE_STANDARD = gnu11;
				GCC_DYNAMIC_NO_PIC = NO;
				GCC_NO_COMMON_BLOCKS = YES;
				GCC_OPTIMIZATION_LEVEL = 0;
				GCC_PREPROCESSOR_DEFINITIONS = (
					"DEBUG=1",
					"$(inherited)",
				);
				GCC_WARN_64_TO_32_BIT_CONVERSION = YES;
				GCC_WARN_ABOUT_RETURN_TYPE = YES_ERROR;
				GCC_WARN_UNDECLARED_SELECTOR = YES;
				GCC_WARN_UNINITIALIZED_AUTOS = YES_AGGRESSIVE;
				GCC_WARN_UNUSED_FUNCTION = YES;
				GCC_WARN_UNUSED_VARIABLE = YES;
				IPHONEOS_DEPLOYMENT_TARGET = 16.1;
				MTL_ENABLE_DEBUG_INFO = INCLUDE_SOURCE;
				MTL_FAST_MATH = YES;
				ONLY_ACTIVE_ARCH = YES;
				SDKROOT = iphoneos;
				SWIFT_ACTIVE_COMPILATION_CONDITIONS = DEBUG;
				SWIFT_OPTIMIZATION_LEVEL = "-Onone";
			};
			name = Debug;
		};
		D30FFAB329D34BC200B3497F /* Release */ = {
			isa = XCBuildConfiguration;
			buildSettings = {
				ALWAYS_SEARCH_USER_PATHS = NO;
				CLANG_ANALYZER_NONNULL = YES;
				CLANG_ANALYZER_NUMBER_OBJECT_CONVERSION = YES_AGGRESSIVE;
				CLANG_CXX_LANGUAGE_STANDARD = "gnu++20";
				CLANG_ENABLE_MODULES = YES;
				CLANG_ENABLE_OBJC_ARC = YES;
				CLANG_ENABLE_OBJC_WEAK = YES;
				CLANG_WARN_BLOCK_CAPTURE_AUTORELEASING = YES;
				CLANG_WARN_BOOL_CONVERSION = YES;
				CLANG_WARN_COMMA = YES;
				CLANG_WARN_CONSTANT_CONVERSION = YES;
				CLANG_WARN_DEPRECATED_OBJC_IMPLEMENTATIONS = YES;
				CLANG_WARN_DIRECT_OBJC_ISA_USAGE = YES_ERROR;
				CLANG_WARN_DOCUMENTATION_COMMENTS = YES;
				CLANG_WARN_EMPTY_BODY = YES;
				CLANG_WARN_ENUM_CONVERSION = YES;
				CLANG_WARN_INFINITE_RECURSION = YES;
				CLANG_WARN_INT_CONVERSION = YES;
				CLANG_WARN_NON_LITERAL_NULL_CONVERSION = YES;
				CLANG_WARN_OBJC_IMPLICIT_RETAIN_SELF = YES;
				CLANG_WARN_OBJC_LITERAL_CONVERSION = YES;
				CLANG_WARN_OBJC_ROOT_CLASS = YES_ERROR;
				CLANG_WARN_QUOTED_INCLUDE_IN_FRAMEWORK_HEADER = YES;
				CLANG_WARN_RANGE_LOOP_ANALYSIS = YES;
				CLANG_WARN_STRICT_PROTOTYPES = YES;
				CLANG_WARN_SUSPICIOUS_MOVE = YES;
				CLANG_WARN_UNGUARDED_AVAILABILITY = YES_AGGRESSIVE;
				CLANG_WARN_UNREACHABLE_CODE = YES;
				CLANG_WARN__DUPLICATE_METHOD_MATCH = YES;
				COPY_PHASE_STRIP = NO;
				DEBUG_INFORMATION_FORMAT = "dwarf-with-dsym";
				ENABLE_NS_ASSERTIONS = NO;
				ENABLE_STRICT_OBJC_MSGSEND = YES;
				GCC_C_LANGUAGE_STANDARD = gnu11;
				GCC_NO_COMMON_BLOCKS = YES;
				GCC_WARN_64_TO_32_BIT_CONVERSION = YES;
				GCC_WARN_ABOUT_RETURN_TYPE = YES_ERROR;
				GCC_WARN_UNDECLARED_SELECTOR = YES;
				GCC_WARN_UNINITIALIZED_AUTOS = YES_AGGRESSIVE;
				GCC_WARN_UNUSED_FUNCTION = YES;
				GCC_WARN_UNUSED_VARIABLE = YES;
				IPHONEOS_DEPLOYMENT_TARGET = 16.1;
				MTL_ENABLE_DEBUG_INFO = NO;
				MTL_FAST_MATH = YES;
				SDKROOT = iphoneos;
				SWIFT_COMPILATION_MODE = wholemodule;
				SWIFT_OPTIMIZATION_LEVEL = "-O";
				VALIDATE_PRODUCT = YES;
			};
			name = Release;
		};
		D30FFAB529D34BC200B3497F /* Debug */ = {
			isa = XCBuildConfiguration;
			baseConfigurationReference = F6FB9A311E63BB7800C85C2D /* Pods-Instagram.debug.xcconfig */;
			buildSettings = {
				ASSETCATALOG_COMPILER_APPICON_NAME = AppIcon;
				ASSETCATALOG_COMPILER_GLOBAL_ACCENT_COLOR_NAME = AccentColor;
				CODE_SIGN_STYLE = Automatic;
				CURRENT_PROJECT_VERSION = 1;
				GENERATE_INFOPLIST_FILE = YES;
				INFOPLIST_FILE = Instagram/Info.plist;
				INFOPLIST_KEY_UIApplicationSupportsIndirectInputEvents = YES;
				INFOPLIST_KEY_UILaunchStoryboardName = LaunchScreen;
				INFOPLIST_KEY_UIMainStoryboardFile = Main;
				INFOPLIST_KEY_UISupportedInterfaceOrientations_iPad = "UIInterfaceOrientationPortrait UIInterfaceOrientationPortraitUpsideDown UIInterfaceOrientationLandscapeLeft UIInterfaceOrientationLandscapeRight";
				INFOPLIST_KEY_UISupportedInterfaceOrientations_iPhone = "UIInterfaceOrientationPortrait UIInterfaceOrientationLandscapeLeft UIInterfaceOrientationLandscapeRight";
				LD_RUNPATH_SEARCH_PATHS = (
					"$(inherited)",
					"@executable_path/Frameworks",
				);
				MARKETING_VERSION = 1.0;
				PRODUCT_BUNDLE_IDENTIFIER = com.yash.Instagram;
				PRODUCT_NAME = "$(TARGET_NAME)";
				SWIFT_EMIT_LOC_STRINGS = YES;
				SWIFT_VERSION = 5.0;
				TARGETED_DEVICE_FAMILY = "1,2";
			};
			name = Debug;
		};
		D30FFAB629D34BC200B3497F /* Release */ = {
			isa = XCBuildConfiguration;
			baseConfigurationReference = 54A25DA5316061DC8642B3FF /* Pods-Instagram.release.xcconfig */;
			buildSettings = {
				ASSETCATALOG_COMPILER_APPICON_NAME = AppIcon;
				ASSETCATALOG_COMPILER_GLOBAL_ACCENT_COLOR_NAME = AccentColor;
				CODE_SIGN_STYLE = Automatic;
				CURRENT_PROJECT_VERSION = 1;
				GENERATE_INFOPLIST_FILE = YES;
				INFOPLIST_FILE = Instagram/Info.plist;
				INFOPLIST_KEY_UIApplicationSupportsIndirectInputEvents = YES;
				INFOPLIST_KEY_UILaunchStoryboardName = LaunchScreen;
				INFOPLIST_KEY_UIMainStoryboardFile = Main;
				INFOPLIST_KEY_UISupportedInterfaceOrientations_iPad = "UIInterfaceOrientationPortrait UIInterfaceOrientationPortraitUpsideDown UIInterfaceOrientationLandscapeLeft UIInterfaceOrientationLandscapeRight";
				INFOPLIST_KEY_UISupportedInterfaceOrientations_iPhone = "UIInterfaceOrientationPortrait UIInterfaceOrientationLandscapeLeft UIInterfaceOrientationLandscapeRight";
				LD_RUNPATH_SEARCH_PATHS = (
					"$(inherited)",
					"@executable_path/Frameworks",
				);
				MARKETING_VERSION = 1.0;
				PRODUCT_BUNDLE_IDENTIFIER = com.yash.Instagram;
				PRODUCT_NAME = "$(TARGET_NAME)";
				SWIFT_EMIT_LOC_STRINGS = YES;
				SWIFT_VERSION = 5.0;
				TARGETED_DEVICE_FAMILY = "1,2";
			};
			name = Release;
		};
/* End XCBuildConfiguration section */

/* Begin XCConfigurationList section */
		D30FFA9829D34BC000B3497F /* Build configuration list for PBXProject "Instagram" */ = {
			isa = XCConfigurationList;
			buildConfigurations = (
				D30FFAB229D34BC200B3497F /* Debug */,
				D30FFAB329D34BC200B3497F /* Release */,
			);
			defaultConfigurationIsVisible = 0;
			defaultConfigurationName = Release;
		};
		D30FFAB429D34BC200B3497F /* Build configuration list for PBXNativeTarget "Instagram" */ = {
			isa = XCConfigurationList;
			buildConfigurations = (
				D30FFAB529D34BC200B3497F /* Debug */,
				D30FFAB629D34BC200B3497F /* Release */,
			);
			defaultConfigurationIsVisible = 0;
			defaultConfigurationName = Release;
		};
/* End XCConfigurationList section */

/* Begin XCVersionGroup section */
		D30FFAA929D34BC000B3497F /* Instagram.xcdatamodeld */ = {
			isa = XCVersionGroup;
			children = (
				D30FFAAA29D34BC000B3497F /* Instagram.xcdatamodel */,
			);
			currentVersion = D30FFAAA29D34BC000B3497F /* Instagram.xcdatamodel */;
			path = Instagram.xcdatamodeld;
			sourceTree = "<group>";
			versionGroupType = wrapper.xcdatamodel;
		};
/* End XCVersionGroup section */
	};
	rootObject = D30FFA9529D34BC000B3497F /* Project object */;
}
